# @generated by Move, please check-in and do not edit manually.

[move]
version = 3
manifest_digest = "C83C44529D2C4864A62B4DCDA3150A0EA1527852A0ABEBDEFF716E2A8C851A0C"
deps_digest = "F8BBB0CCB2491CA29A3DF03D6F92277A4F3574266507ACD77214D37ECA3F3082"
dependencies = [
  { id = "Sui", name = "Sui" },
]

[[move.package]]
id = "MoveStdlib"
source = { git = "https://github.com/MystenLabs/sui.git", rev = "devnet-v1.47.0", subdir = "crates\\sui-framework\\packages\\move-stdlib" }

[[move.package]]
id = "Sui"
source = { git = "https://github.com/MystenLabs/sui.git", rev = "devnet-v1.47.0", subdir = "crates/sui-framework/packages/sui-framework" }

dependencies = [
  { id = "MoveStdlib", name = "MoveStdlib" },
]

[move.toolchain-version]
compiler-version = "1.48.0"
edition = "2024"
flavor = "sui"

[env]

[env.testnet]
chain-id = "4c78adac"
original-published-id = "0xc258495317a52c749d1cb220e8e166d94ab914a07334ee91a6c03d55acd5a614"
latest-published-id = "0xc258495317a52c749d1cb220e8e166d94ab914a07334ee91a6c03d55acd5a614"
published-version = "1"
